
Microsoft Visual Studio Solution File, Format Version 12.00
# Visual Studio Version 17
VisualStudioVersion = 17.14.36705.20 d17.14
MinimumVisualStudioVersion = 10.0.40219.1
Project("{FAE04EC0-301F-11D3-BF4B-00C04F79EFBC}") = "DesignPatterns", "DesignPattern\DesignPatterns.csproj", "{AAA6B57E-7850-4C1E-8DA5-60D34A7C6B96}"
EndProject
Global
	GlobalSection(SolutionConfigurationPlatforms) = preSolution
		Debug|Any CPU = Debug|Any CPU
		Release|Any CPU = Release|Any CPU
	EndGlobalSection
	GlobalSection(ProjectConfigurationPlatforms) = postSolution
		{AAA6B57E-7850-4C1E-8DA5-60D34A7C6B96}.Debug|Any CPU.ActiveCfg = Debug|Any CPU
		{AAA6B57E-7850-4C1E-8DA5-60D34A7C6B96}.Debug|Any CPU.Build.0 = Debug|Any CPU
		{AAA6B57E-7850-4C1E-8DA5-60D34A7C6B96}.Release|Any CPU.ActiveCfg = Release|Any CPU
		{AAA6B57E-7850-4C1E-8DA5-60D34A7C6B96}.Release|Any CPU.Build.0 = Release|Any CPU
	EndGlobalSection
	GlobalSection(SolutionProperties) = preSolution
		HideSolutionNode = FALSE
	EndGlobalSection
	GlobalSection(ExtensibilityGlobals) = postSolution
		SolutionGuid = {50B15128-82A5-49A8-98C3-079FEB5134E3}
	EndGlobalSection
EndGlobal
